// !$*UTF8*$!
{
	archiveVersion = 1;
	classes = {
	};
	objectVersion = 50;
	objects = {

/* Begin PBXBuildFile section */
		5D2C300721CF55F200F410B3 /* Note.swift in Sources */ = {isa = PBXBuildFile; fileRef = 5D2C300621CF55F200F410B3 /* Note.swift */; };
		5D33AADC21CE3B0600B2B9BC /* MeterView.swift in Sources */ = {isa = PBXBuildFile; fileRef = 5D33AADB21CE3B0600B2B9BC /* MeterView.swift */; };
		5D426C7D22E2ED0F003A05A3 /* Main.storyboard in Resources */ = {isa = PBXBuildFile; fileRef = 5D426C7C22E2ED0F003A05A3 /* Main.storyboard */; };
		5D426C7F22E2ED3E003A05A3 /* Assets.xcassets in Resources */ = {isa = PBXBuildFile; fileRef = 5D426C7E22E2ED3E003A05A3 /* Assets.xcassets */; };
		5D426C8122E2EFFC003A05A3 /* TunerViewController.swift in Sources */ = {isa = PBXBuildFile; fileRef = 5D426C8022E2EFFC003A05A3 /* TunerViewController.swift */; };
		5D426C8322E2F004003A05A3 /* GaugeView.swift in Sources */ = {isa = PBXBuildFile; fileRef = 5D426C8222E2F004003A05A3 /* GaugeView.swift */; };
		5D426C8522E2F00A003A05A3 /* Utilities.swift in Sources */ = {isa = PBXBuildFile; fileRef = 5D426C8422E2F00A003A05A3 /* Utilities.swift */; };
		5DD5281A218A80D100DC9769 /* AppDelegate.swift in Sources */ = {isa = PBXBuildFile; fileRef = 5DD52819218A80D100DC9769 /* AppDelegate.swift */; };
		5DD5281C218A80D100DC9769 /* MainViewController.swift in Sources */ = {isa = PBXBuildFile; fileRef = 5DD5281B218A80D100DC9769 /* MainViewController.swift */; };
		5DD52824218A80D300DC9769 /* LaunchScreen.storyboard in Resources */ = {isa = PBXBuildFile; fileRef = 5DD52822218A80D300DC9769 /* LaunchScreen.storyboard */; };
		5DD5282F218A80D300DC9769 /* J_TunerTests.swift in Sources */ = {isa = PBXBuildFile; fileRef = 5DD5282E218A80D300DC9769 /* J_TunerTests.swift */; };
		5DD5283A218A80D400DC9769 /* J_TunerUITests.swift in Sources */ = {isa = PBXBuildFile; fileRef = 5DD52839218A80D400DC9769 /* J_TunerUITests.swift */; };
		5DD5284A218A848600DC9769 /* MainView.swift in Sources */ = {isa = PBXBuildFile; fileRef = 5DD52849218A848600DC9769 /* MainView.swift */; };
		5DD5284E218A9E6300DC9769 /* Recorder.swift in Sources */ = {isa = PBXBuildFile; fileRef = 5DD5284D218A9E6300DC9769 /* Recorder.swift */; };
		5DD52853218AC04B00DC9769 /* GetPitch.cpp in Sources */ = {isa = PBXBuildFile; fileRef = 5DD52851218AC04B00DC9769 /* GetPitch.cpp */; };
/* End PBXBuildFile section */

/* Begin PBXContainerItemProxy section */
		5DD5282B218A80D300DC9769 /* PBXContainerItemProxy */ = {
			isa = PBXContainerItemProxy;
			containerPortal = 5DD5280E218A80D100DC9769 /* Project object */;
			proxyType = 1;
			remoteGlobalIDString = 5DD52815218A80D100DC9769;
			remoteInfo = "J-Tuner";
		};
		5DD52836218A80D400DC9769 /* PBXContainerItemProxy */ = {
			isa = PBXContainerItemProxy;
			containerPortal = 5DD5280E218A80D100DC9769 /* Project object */;
			proxyType = 1;
			remoteGlobalIDString = 5DD52815218A80D100DC9769;
			remoteInfo = "J-Tuner";
		};
/* End PBXContainerItemProxy section */

/* Begin PBXFileReference section */
		5D2C300621CF55F200F410B3 /* Note.swift */ = {isa = PBXFileReference; lastKnownFileType = sourcecode.swift; path = Note.swift; sourceTree = "<group>"; };
		5D33AADB21CE3B0600B2B9BC /* MeterView.swift */ = {isa = PBXFileReference; lastKnownFileType = sourcecode.swift; path = MeterView.swift; sourceTree = "<group>"; };
		5D426C7C22E2ED0F003A05A3 /* Main.storyboard */ = {isa = PBXFileReference; fileEncoding = 4; lastKnownFileType = file.storyboard; path = Main.storyboard; sourceTree = "<group>"; };
		5D426C7E22E2ED3E003A05A3 /* Assets.xcassets */ = {isa = PBXFileReference; lastKnownFileType = folder.assetcatalog; path = Assets.xcassets; sourceTree = "<group>"; };
		5D426C8022E2EFFC003A05A3 /* TunerViewController.swift */ = {isa = PBXFileReference; fileEncoding = 4; lastKnownFileType = sourcecode.swift; path = TunerViewController.swift; sourceTree = "<group>"; };
		5D426C8222E2F004003A05A3 /* GaugeView.swift */ = {isa = PBXFileReference; fileEncoding = 4; lastKnownFileType = sourcecode.swift; path = GaugeView.swift; sourceTree = "<group>"; };
		5D426C8422E2F00A003A05A3 /* Utilities.swift */ = {isa = PBXFileReference; fileEncoding = 4; lastKnownFileType = sourcecode.swift; path = Utilities.swift; sourceTree = "<group>"; };
		5DD52816218A80D100DC9769 /* J-Tuner.app */ = {isa = PBXFileReference; explicitFileType = wrapper.application; includeInIndex = 0; path = "J-Tuner.app"; sourceTree = BUILT_PRODUCTS_DIR; };
		5DD52819218A80D100DC9769 /* AppDelegate.swift */ = {isa = PBXFileReference; lastKnownFileType = sourcecode.swift; path = AppDelegate.swift; sourceTree = "<group>"; };
		5DD5281B218A80D100DC9769 /* MainViewController.swift */ = {isa = PBXFileReference; lastKnownFileType = sourcecode.swift; path = MainViewController.swift; sourceTree = "<group>"; };
		5DD52823218A80D300DC9769 /* Base */ = {isa = PBXFileReference; lastKnownFileType = file.storyboard; name = Base; path = Base.lproj/LaunchScreen.storyboard; sourceTree = "<group>"; };
		5DD52825218A80D300DC9769 /* Info.plist */ = {isa = PBXFileReference; lastKnownFileType = text.plist.xml; path = Info.plist; sourceTree = "<group>"; };
		5DD5282A218A80D300DC9769 /* J-TunerTests.xctest */ = {isa = PBXFileReference; explicitFileType = wrapper.cfbundle; includeInIndex = 0; path = "J-TunerTests.xctest"; sourceTree = BUILT_PRODUCTS_DIR; };
		5DD5282E218A80D300DC9769 /* J_TunerTests.swift */ = {isa = PBXFileReference; lastKnownFileType = sourcecode.swift; path = J_TunerTests.swift; sourceTree = "<group>"; };
		5DD52830218A80D400DC9769 /* Info.plist */ = {isa = PBXFileReference; lastKnownFileType = text.plist.xml; path = Info.plist; sourceTree = "<group>"; };
		5DD52835218A80D400DC9769 /* J-TunerUITests.xctest */ = {isa = PBXFileReference; explicitFileType = wrapper.cfbundle; includeInIndex = 0; path = "J-TunerUITests.xctest"; sourceTree = BUILT_PRODUCTS_DIR; };
		5DD52839218A80D400DC9769 /* J_TunerUITests.swift */ = {isa = PBXFileReference; lastKnownFileType = sourcecode.swift; path = J_TunerUITests.swift; sourceTree = "<group>"; };
		5DD5283B218A80D400DC9769 /* Info.plist */ = {isa = PBXFileReference; lastKnownFileType = text.plist.xml; path = Info.plist; sourceTree = "<group>"; };
		5DD52849218A848600DC9769 /* MainView.swift */ = {isa = PBXFileReference; lastKnownFileType = sourcecode.swift; path = MainView.swift; sourceTree = "<group>"; };
		5DD5284D218A9E6300DC9769 /* Recorder.swift */ = {isa = PBXFileReference; lastKnownFileType = sourcecode.swift; path = Recorder.swift; sourceTree = "<group>"; };
		5DD52850218AC04A00DC9769 /* J-Tuner-Bridging-Header.h */ = {isa = PBXFileReference; lastKnownFileType = sourcecode.c.h; path = "J-Tuner-Bridging-Header.h"; sourceTree = "<group>"; };
		5DD52851218AC04B00DC9769 /* GetPitch.cpp */ = {isa = PBXFileReference; lastKnownFileType = sourcecode.cpp.cpp; path = GetPitch.cpp; sourceTree = "<group>"; };
		5DD52852218AC04B00DC9769 /* GetPitch.hpp */ = {isa = PBXFileReference; lastKnownFileType = sourcecode.cpp.h; path = GetPitch.hpp; sourceTree = "<group>"; };
/* End PBXFileReference section */

/* Begin PBXFrameworksBuildPhase section */
		5DD52813218A80D100DC9769 /* Frameworks */ = {
			isa = PBXFrameworksBuildPhase;
			buildActionMask = 2147483647;
			files = (
			);
			runOnlyForDeploymentPostprocessing = 0;
		};
		5DD52827218A80D300DC9769 /* Frameworks */ = {
			isa = PBXFrameworksBuildPhase;
			buildActionMask = 2147483647;
			files = (
			);
			runOnlyForDeploymentPostprocessing = 0;
		};
		5DD52832218A80D400DC9769 /* Frameworks */ = {
			isa = PBXFrameworksBuildPhase;
			buildActionMask = 2147483647;
			files = (
			);
			runOnlyForDeploymentPostprocessing = 0;
		};
/* End PBXFrameworksBuildPhase section */

/* Begin PBXGroup section */
		5DD5280D218A80D100DC9769 = {
			isa = PBXGroup;
			children = (
				5DD5284F218AC02600DC9769 /* Signal Processing */,
				5DD52818218A80D100DC9769 /* J-Tuner */,
				5DD5282D218A80D300DC9769 /* J-TunerTests */,
				5DD52838218A80D400DC9769 /* J-TunerUITests */,
				5DD52817218A80D100DC9769 /* Products */,
			);
			sourceTree = "<group>";
		};
		5DD52817218A80D100DC9769 /* Products */ = {
			isa = PBXGroup;
			children = (
				5DD52816218A80D100DC9769 /* J-Tuner.app */,
				5DD5282A218A80D300DC9769 /* J-TunerTests.xctest */,
				5DD52835218A80D400DC9769 /* J-TunerUITests.xctest */,
			);
			name = Products;
			sourceTree = "<group>";
		};
		5DD52818218A80D100DC9769 /* J-Tuner */ = {
			isa = PBXGroup;
			children = (
				5DD52819218A80D100DC9769 /* AppDelegate.swift */,
				5DD52825218A80D300DC9769 /* Info.plist */,
				5DD52822218A80D300DC9769 /* LaunchScreen.storyboard */,
				5D426C7E22E2ED3E003A05A3 /* Assets.xcassets */,
				5D426C7C22E2ED0F003A05A3 /* Main.storyboard */,
				5DD52849218A848600DC9769 /* MainView.swift */,
				5DD5281B218A80D100DC9769 /* MainViewController.swift */,
				5D2C300621CF55F200F410B3 /* Note.swift */,
				5D426C8422E2F00A003A05A3 /* Utilities.swift */,
				5D426C8022E2EFFC003A05A3 /* TunerViewController.swift */,
				5DD5284D218A9E6300DC9769 /* Recorder.swift */,
				5D33AADB21CE3B0600B2B9BC /* MeterView.swift */,
				5D426C8222E2F004003A05A3 /* GaugeView.swift */,
			);
			path = "J-Tuner";
			sourceTree = "<group>";
		};
		5DD5282D218A80D300DC9769 /* J-TunerTests */ = {
			isa = PBXGroup;
			children = (
				5DD5282E218A80D300DC9769 /* J_TunerTests.swift */,
				5DD52830218A80D400DC9769 /* Info.plist */,
			);
			path = "J-TunerTests";
			sourceTree = "<group>";
		};
		5DD52838218A80D400DC9769 /* J-TunerUITests */ = {
			isa = PBXGroup;
			children = (
				5DD52839218A80D400DC9769 /* J_TunerUITests.swift */,
				5DD5283B218A80D400DC9769 /* Info.plist */,
			);
			path = "J-TunerUITests";
			sourceTree = "<group>";
		};
		5DD5284F218AC02600DC9769 /* Signal Processing */ = {
			isa = PBXGroup;
			children = (
				5DD52851218AC04B00DC9769 /* GetPitch.cpp */,
				5DD52852218AC04B00DC9769 /* GetPitch.hpp */,
				5DD52850218AC04A00DC9769 /* J-Tuner-Bridging-Header.h */,
			);
			path = "Signal Processing";
			sourceTree = "<group>";
		};
/* End PBXGroup section */

/* Begin PBXNativeTarget section */
		5DD52815218A80D100DC9769 /* J-Tuner */ = {
			isa = PBXNativeTarget;
			buildConfigurationList = 5DD5283E218A80D400DC9769 /* Build configuration list for PBXNativeTarget "J-Tuner" */;
			buildPhases = (
				5DD52812218A80D100DC9769 /* Sources */,
				5DD52813218A80D100DC9769 /* Frameworks */,
				5DD52814218A80D100DC9769 /* Resources */,
			);
			buildRules = (
			);
			dependencies = (
			);
			name = "J-Tuner";
			productName = "J-Tuner";
			productReference = 5DD52816218A80D100DC9769 /* J-Tuner.app */;
			productType = "com.apple.product-type.application";
		};
		5DD52829218A80D300DC9769 /* J-TunerTests */ = {
			isa = PBXNativeTarget;
			buildConfigurationList = 5DD52841218A80D400DC9769 /* Build configuration list for PBXNativeTarget "J-TunerTests" */;
			buildPhases = (
				5DD52826218A80D300DC9769 /* Sources */,
				5DD52827218A80D300DC9769 /* Frameworks */,
				5DD52828218A80D300DC9769 /* Resources */,
			);
			buildRules = (
			);
			dependencies = (
				5DD5282C218A80D300DC9769 /* PBXTargetDependency */,
			);
			name = "J-TunerTests";
			productName = "J-TunerTests";
			productReference = 5DD5282A218A80D300DC9769 /* J-TunerTests.xctest */;
			productType = "com.apple.product-type.bundle.unit-test";
		};
		5DD52834218A80D400DC9769 /* J-TunerUITests */ = {
			isa = PBXNativeTarget;
			buildConfigurationList = 5DD52844218A80D400DC9769 /* Build configuration list for PBXNativeTarget "J-TunerUITests" */;
			buildPhases = (
				5DD52831218A80D400DC9769 /* Sources */,
				5DD52832218A80D400DC9769 /* Frameworks */,
				5DD52833218A80D400DC9769 /* Resources */,
			);
			buildRules = (
			);
			dependencies = (
				5DD52837218A80D400DC9769 /* PBXTargetDependency */,
			);
			name = "J-TunerUITests";
			productName = "J-TunerUITests";
			productReference = 5DD52835218A80D400DC9769 /* J-TunerUITests.xctest */;
			productType = "com.apple.product-type.bundle.ui-testing";
		};
/* End PBXNativeTarget section */

/* Begin PBXProject section */
		5DD5280E218A80D100DC9769 /* Project object */ = {
			isa = PBXProject;
			attributes = {
				LastSwiftUpdateCheck = 0940;
				LastUpgradeCheck = 0940;
				ORGANIZATIONNAME = bignerdranch;
				TargetAttributes = {
					5DD52815218A80D100DC9769 = {
						CreatedOnToolsVersion = 9.4.1;
						LastSwiftMigration = 1020;
					};
					5DD52829218A80D300DC9769 = {
						CreatedOnToolsVersion = 9.4.1;
						LastSwiftMigration = 1020;
						TestTargetID = 5DD52815218A80D100DC9769;
					};
					5DD52834218A80D400DC9769 = {
						CreatedOnToolsVersion = 9.4.1;
						LastSwiftMigration = 1020;
						TestTargetID = 5DD52815218A80D100DC9769;
					};
				};
			};
			buildConfigurationList = 5DD52811218A80D100DC9769 /* Build configuration list for PBXProject "J-Tuner" */;
			compatibilityVersion = "Xcode 9.3";
			developmentRegion = en;
			hasScannedForEncodings = 0;
			knownRegions = (
				en,
				Base,
			);
			mainGroup = 5DD5280D218A80D100DC9769;
			productRefGroup = 5DD52817218A80D100DC9769 /* Products */;
			projectDirPath = "";
			projectRoot = "";
			targets = (
				5DD52815218A80D100DC9769 /* J-Tuner */,
				5DD52829218A80D300DC9769 /* J-TunerTests */,
				5DD52834218A80D400DC9769 /* J-TunerUITests */,
			);
		};
/* End PBXProject section */

/* Begin PBXResourcesBuildPhase section */
		5DD52814218A80D100DC9769 /* Resources */ = {
			isa = PBXResourcesBuildPhase;
			buildActionMask = 2147483647;
			files = (
				5DD52824218A80D300DC9769 /* LaunchScreen.storyboard in Resources */,
				5D426C7F22E2ED3E003A05A3 /* Assets.xcassets in Resources */,
				5D426C7D22E2ED0F003A05A3 /* Main.storyboard in Resources */,
			);
			runOnlyForDeploymentPostprocessing = 0;
		};
		5DD52828218A80D300DC9769 /* Resources */ = {
			isa = PBXResourcesBuildPhase;
			buildActionMask = 2147483647;
			files = (
			);
			runOnlyForDeploymentPostprocessing = 0;
		};
		5DD52833218A80D400DC9769 /* Resources */ = {
			isa = PBXResourcesBuildPhase;
			buildActionMask = 2147483647;
			files = (
			);
			runOnlyForDeploymentPostprocessing = 0;
		};
/* End PBXResourcesBuildPhase section */

/* Begin PBXSourcesBuildPhase section */
		5DD52812218A80D100DC9769 /* Sources */ = {
			isa = PBXSourcesBuildPhase;
			buildActionMask = 2147483647;
			files = (
				5D426C8322E2F004003A05A3 /* GaugeView.swift in Sources */,
				5DD5284E218A9E6300DC9769 /* Recorder.swift in Sources */,
				5D426C8522E2F00A003A05A3 /* Utilities.swift in Sources */,
				5D426C8122E2EFFC003A05A3 /* TunerViewController.swift in Sources */,
				5DD52853218AC04B00DC9769 /* GetPitch.cpp in Sources */,
				5D2C300721CF55F200F410B3 /* Note.swift in Sources */,
				5DD5281C218A80D100DC9769 /* MainViewController.swift in Sources */,
				5DD5284A218A848600DC9769 /* MainView.swift in Sources */,
				5DD5281A218A80D100DC9769 /* AppDelegate.swift in Sources */,
				5D33AADC21CE3B0600B2B9BC /* MeterView.swift in Sources */,
			);
			runOnlyForDeploymentPostprocessing = 0;
		};
		5DD52826218A80D300DC9769 /* Sources */ = {
			isa = PBXSourcesBuildPhase;
			buildActionMask = 2147483647;
			files = (
				5DD5282F218A80D300DC9769 /* J_TunerTests.swift in Sources */,
			);
			runOnlyForDeploymentPostprocessing = 0;
		};
		5DD52831218A80D400DC9769 /* Sources */ = {
			isa = PBXSourcesBuildPhase;
			buildActionMask = 2147483647;
			files = (
				5DD5283A218A80D400DC9769 /* J_TunerUITests.swift in Sources */,
			);
			runOnlyForDeploymentPostprocessing = 0;
		};
/* End PBXSourcesBuildPhase section */

/* Begin PBXTargetDependency section */
		5DD5282C218A80D300DC9769 /* PBXTargetDependency */ = {
			isa = PBXTargetDependency;
			target = 5DD52815218A80D100DC9769 /* J-Tuner */;
			targetProxy = 5DD5282B218A80D300DC9769 /* PBXContainerItemProxy */;
		};
		5DD52837218A80D400DC9769 /* PBXTargetDependency */ = {
			isa = PBXTargetDependency;
			target = 5DD52815218A80D100DC9769 /* J-Tuner */;
			targetProxy = 5DD52836218A80D400DC9769 /* PBXContainerItemProxy */;
		};
/* End PBXTargetDependency section */

/* Begin PBXVariantGroup section */
		5DD52822218A80D300DC9769 /* LaunchScreen.storyboard */ = {
			isa = PBXVariantGroup;
			children = (
				5DD52823218A80D300DC9769 /* Base */,
			);
			name = LaunchScreen.storyboard;
			sourceTree = "<group>";
		};
/* End PBXVariantGroup section */

/* Begin XCBuildConfiguration section */
		5DD5283C218A80D400DC9769 /* Debug */ = {
			isa = XCBuildConfiguration;
			buildSettings = {
				ALWAYS_SEARCH_USER_PATHS = NO;
				CLANG_ANALYZER_NONNULL = YES;
				CLANG_ANALYZER_NUMBER_OBJECT_CONVERSION = YES_AGGRESSIVE;
				CLANG_CXX_LANGUAGE_STANDARD = "gnu++14";
				CLANG_CXX_LIBRARY = "libc++";
				CLANG_ENABLE_MODULES = YES;
				CLANG_ENABLE_OBJC_ARC = YES;
				CLANG_ENABLE_OBJC_WEAK = YES;
				CLANG_WARN_BLOCK_CAPTURE_AUTORELEASING = YES;
				CLANG_WARN_BOOL_CONVERSION = YES;
				CLANG_WARN_COMMA = YES;
				CLANG_WARN_CONSTANT_CONVERSION = YES;
				CLANG_WARN_DEPRECATED_OBJC_IMPLEMENTATIONS = YES;
				CLANG_WARN_DIRECT_OBJC_ISA_USAGE = YES_ERROR;
				CLANG_WARN_DOCUMENTATION_COMMENTS = YES;
				CLANG_WARN_EMPTY_BODY = YES;
				CLANG_WARN_ENUM_CONVERSION = YES;
				CLANG_WARN_INFINITE_RECURSION = YES;
				CLANG_WARN_INT_CONVERSION = YES;
				CLANG_WARN_NON_LITERAL_NULL_CONVERSION = YES;
				CLANG_WARN_OBJC_IMPLICIT_RETAIN_SELF = YES;
				CLANG_WARN_OBJC_LITERAL_CONVERSION = YES;
				CLANG_WARN_OBJC_ROOT_CLASS = YES_ERROR;
				CLANG_WARN_RANGE_LOOP_ANALYSIS = YES;
				CLANG_WARN_STRICT_PROTOTYPES = YES;
				CLANG_WARN_SUSPICIOUS_MOVE = YES;
				CLANG_WARN_UNGUARDED_AVAILABILITY = YES_AGGRESSIVE;
				CLANG_WARN_UNREACHABLE_CODE = YES;
				CLANG_WARN__DUPLICATE_METHOD_MATCH = YES;
				CODE_SIGN_IDENTITY = "iPhone Developer";
				COPY_PHASE_STRIP = NO;
				DEBUG_INFORMATION_FORMAT = dwarf;
				ENABLE_STRICT_OBJC_MSGSEND = YES;
				ENABLE_TESTABILITY = YES;
				GCC_C_LANGUAGE_STANDARD = gnu11;
				GCC_DYNAMIC_NO_PIC = NO;
				GCC_INPUT_FILETYPE = automatic;
				GCC_NO_COMMON_BLOCKS = YES;
				GCC_OPTIMIZATION_LEVEL = 0;
				GCC_PREPROCESSOR_DEFINITIONS = (
					"DEBUG=1",
					"$(inherited)",
				);
				GCC_WARN_64_TO_32_BIT_CONVERSION = YES;
				GCC_WARN_ABOUT_RETURN_TYPE = YES_ERROR;
				GCC_WARN_UNDECLARED_SELECTOR = YES;
				GCC_WARN_UNINITIALIZED_AUTOS = YES_AGGRESSIVE;
				GCC_WARN_UNUSED_FUNCTION = YES;
				GCC_WARN_UNUSED_VARIABLE = YES;
				IPHONEOS_DEPLOYMENT_TARGET = 11.4;
				MTL_ENABLE_DEBUG_INFO = YES;
				ONLY_ACTIVE_ARCH = YES;
				SDKROOT = iphoneos;
				SWIFT_ACTIVE_COMPILATION_CONDITIONS = DEBUG;
				SWIFT_OPTIMIZATION_LEVEL = "-Onone";
			};
			name = Debug;
		};
		5DD5283D218A80D400DC9769 /* Release */ = {
			isa = XCBuildConfiguration;
			buildSettings = {
				ALWAYS_SEARCH_USER_PATHS = NO;
				CLANG_ANALYZER_NONNULL = YES;
				CLANG_ANALYZER_NUMBER_OBJECT_CONVERSION = YES_AGGRESSIVE;
				CLANG_CXX_LANGUAGE_STANDARD = "gnu++14";
				CLANG_CXX_LIBRARY = "libc++";
				CLANG_ENABLE_MODULES = YES;
				CLANG_ENABLE_OBJC_ARC = YES;
				CLANG_ENABLE_OBJC_WEAK = YES;
				CLANG_WARN_BLOCK_CAPTURE_AUTORELEASING = YES;
				CLANG_WARN_BOOL_CONVERSION = YES;
				CLANG_WARN_COMMA = YES;
				CLANG_WARN_CONSTANT_CONVERSION = YES;
				CLANG_WARN_DEPRECATED_OBJC_IMPLEMENTATIONS = YES;
				CLANG_WARN_DIRECT_OBJC_ISA_USAGE = YES_ERROR;
				CLANG_WARN_DOCUMENTATION_COMMENTS = YES;
				CLANG_WARN_EMPTY_BODY = YES;
				CLANG_WARN_ENUM_CONVERSION = YES;
				CLANG_WARN_INFINITE_RECURSION = YES;
				CLANG_WARN_INT_CONVERSION = YES;
				CLANG_WARN_NON_LITERAL_NULL_CONVERSION = YES;
				CLANG_WARN_OBJC_IMPLICIT_RETAIN_SELF = YES;
				CLANG_WARN_OBJC_LITERAL_CONVERSION = YES;
				CLANG_WARN_OBJC_ROOT_CLASS = YES_ERROR;
				CLANG_WARN_RANGE_LOOP_ANALYSIS = YES;
				CLANG_WARN_STRICT_PROTOTYPES = YES;
				CLANG_WARN_SUSPICIOUS_MOVE = YES;
				CLANG_WARN_UNGUARDED_AVAILABILITY = YES_AGGRESSIVE;
				CLANG_WARN_UNREACHABLE_CODE = YES;
				CLANG_WARN__DUPLICATE_METHOD_MATCH = YES;
				CODE_SIGN_IDENTITY = "iPhone Developer";
				COPY_PHASE_STRIP = NO;
				DEBUG_INFORMATION_FORMAT = "dwarf-with-dsym";
				ENABLE_NS_ASSERTIONS = NO;
				ENABLE_STRICT_OBJC_MSGSEND = YES;
				GCC_C_LANGUAGE_STANDARD = gnu11;
				GCC_INPUT_FILETYPE = automatic;
				GCC_NO_COMMON_BLOCKS = YES;
				GCC_WARN_64_TO_32_BIT_CONVERSION = YES;
				GCC_WARN_ABOUT_RETURN_TYPE = YES_ERROR;
				GCC_WARN_UNDECLARED_SELECTOR = YES;
				GCC_WARN_UNINITIALIZED_AUTOS = YES_AGGRESSIVE;
				GCC_WARN_UNUSED_FUNCTION = YES;
				GCC_WARN_UNUSED_VARIABLE = YES;
				IPHONEOS_DEPLOYMENT_TARGET = 11.4;
				MTL_ENABLE_DEBUG_INFO = NO;
				SDKROOT = iphoneos;
				SWIFT_COMPILATION_MODE = wholemodule;
				SWIFT_OPTIMIZATION_LEVEL = "-O";
				VALIDATE_PRODUCT = YES;
			};
			name = Release;
		};
		5DD5283F218A80D400DC9769 /* Debug */ = {
			isa = XCBuildConfiguration;
			buildSettings = {
				ASSETCATALOG_COMPILER_APPICON_NAME = AppIcon;
				CLANG_CXX_LANGUAGE_STANDARD = "gnu++14";
				CLANG_CXX_LIBRARY = "libc++";
				CLANG_ENABLE_MODULES = YES;
				CODE_SIGN_STYLE = Automatic;
				DEVELOPMENT_TEAM = A567GRMMF5;
				INFOPLIST_FILE = "J-Tuner/Info.plist";
				LD_RUNPATH_SEARCH_PATHS = (
					"$(inherited)",
					"@executable_path/Frameworks",
				);
				PRODUCT_BUNDLE_IDENTIFIER = "com.bignerdranch.J-Tuner";
				PRODUCT_NAME = "$(TARGET_NAME)";
				SWIFT_INSTALL_OBJC_HEADER = YES;
				SWIFT_OBJC_BRIDGING_HEADER = "Signal Processing/J-Tuner-Bridging-Header.h";
				SWIFT_OPTIMIZATION_LEVEL = "-Onone";
				SWIFT_VERSION = 5.0;
				TARGETED_DEVICE_FAMILY = "1,2";
			};
			name = Debug;
		};
		5DD52840218A80D400DC9769 /* Release */ = {
			isa = XCBuildConfiguration;
			buildSettings = {
				ASSETCATALOG_COMPILER_APPICON_NAME = AppIcon;
				CLANG_CXX_LANGUAGE_STANDARD = "gnu++14";
				CLANG_CXX_LIBRARY = "libc++";
				CLANG_ENABLE_MODULES = YES;
				CODE_SIGN_STYLE = Automatic;
				DEVELOPMENT_TEAM = A567GRMMF5;
				INFOPLIST_FILE = "J-Tuner/Info.plist";
				LD_RUNPATH_SEARCH_PATHS = (
					"$(inherited)",
					"@executable_path/Frameworks",
				);
				PRODUCT_BUNDLE_IDENTIFIER = "com.bignerdranch.J-Tuner";
				PRODUCT_NAME = "$(TARGET_NAME)";
				SWIFT_INSTALL_OBJC_HEADER = YES;
				SWIFT_OBJC_BRIDGING_HEADER = "Signal Processing/J-Tuner-Bridging-Header.h";
				SWIFT_VERSION = 5.0;
				TARGETED_DEVICE_FAMILY = "1,2";
			};
			name = Release;
		};
		5DD52842218A80D400DC9769 /* Debug */ = {
			isa = XCBuildConfiguration;
			buildSettings = {
				ALWAYS_EMBED_SWIFT_STANDARD_LIBRARIES = YES;
				BUNDLE_LOADER = "$(TEST_HOST)";
				CODE_SIGN_STYLE = Automatic;
				DEVELOPMENT_TEAM = A567GRMMF5;
				INFOPLIST_FILE = "J-TunerTests/Info.plist";
				LD_RUNPATH_SEARCH_PATHS = (
					"$(inherited)",
					"@executable_path/Frameworks",
					"@loader_path/Frameworks",
				);
				PRODUCT_BUNDLE_IDENTIFIER = "com.bignerdranch.J-TunerTests";
				PRODUCT_NAME = "$(TARGET_NAME)";
				SWIFT_VERSION = 5.0;
				TARGETED_DEVICE_FAMILY = "1,2";
				TEST_HOST = "$(BUILT_PRODUCTS_DIR)/J-Tuner.app/J-Tuner";
			};
			name = Debug;
		};
		5DD52843218A80D400DC9769 /* Release */ = {
			isa = XCBuildConfiguration;
			buildSettings = {
				ALWAYS_EMBED_SWIFT_STANDARD_LIBRARIES = YES;
				BUNDLE_LOADER = "$(TEST_HOST)";
				CODE_SIGN_STYLE = Automatic;
				DEVELOPMENT_TEAM = A567GRMMF5;
				INFOPLIST_FILE = "J-TunerTests/Info.plist";
				LD_RUNPATH_SEARCH_PATHS = (
					"$(inherited)",
					"@executable_path/Frameworks",
					"@loader_path/Frameworks",
				);
				PRODUCT_BUNDLE_IDENTIFIER = "com.bignerdranch.J-TunerTests";
				PRODUCT_NAME = "$(TARGET_NAME)";
				SWIFT_VERSION = 5.0;
				TARGETED_DEVICE_FAMILY = "1,2";
				TEST_HOST = "$(BUILT_PRODUCTS_DIR)/J-Tuner.app/J-Tuner";
			};
			name = Release;
		};
		5DD52845218A80D400DC9769 /* Debug */ = {
			isa = XCBuildConfiguration;
			buildSettings = {
				ALWAYS_EMBED_SWIFT_STANDARD_LIBRARIES = YES;
				CODE_SIGN_STYLE = Automatic;
				DEVELOPMENT_TEAM = A567GRMMF5;
				INFOPLIST_FILE = "J-TunerUITests/Info.plist";
				LD_RUNPATH_SEARCH_PATHS = (
					"$(inherited)",
					"@executable_path/Frameworks",
					"@loader_path/Frameworks",
				);
				PRODUCT_BUNDLE_IDENTIFIER = "com.bignerdranch.J-TunerUITests";
				PRODUCT_NAME = "$(TARGET_NAME)";
				SWIFT_VERSION = 5.0;
				TARGETED_DEVICE_FAMILY = "1,2";
				TEST_TARGET_NAME = "J-Tuner";
			};
			name = Debug;
		};
		5DD52846218A80D400DC9769 /* Release */ = {
			isa = XCBuildConfiguration;
			buildSettings = {
				ALWAYS_EMBED_SWIFT_STANDARD_LIBRARIES = YES;
				CODE_SIGN_STYLE = Automatic;
				DEVELOPMENT_TEAM = A567GRMMF5;
				INFOPLIST_FILE = "J-TunerUITests/Info.plist";
				LD_RUNPATH_SEARCH_PATHS = (
					"$(inherited)",
					"@executable_path/Frameworks",
					"@loader_path/Frameworks",
				);
				PRODUCT_BUNDLE_IDENTIFIER = "com.bignerdranch.J-TunerUITests";
				PRODUCT_NAME = "$(TARGET_NAME)";
				SWIFT_VERSION = 5.0;
				TARGETED_DEVICE_FAMILY = "1,2";
				TEST_TARGET_NAME = "J-Tuner";
			};
			name = Release;
		};
/* End XCBuildConfiguration section */

/* Begin XCConfigurationList section */
		5DD52811218A80D100DC9769 /* Build configuration list for PBXProject "J-Tuner" */ = {
			isa = XCConfigurationList;
			buildConfigurations = (
				5DD5283C218A80D400DC9769 /* Debug */,
				5DD5283D218A80D400DC9769 /* Release */,
			);
			defaultConfigurationIsVisible = 0;
			defaultConfigurationName = Release;
		};
		5DD5283E218A80D400DC9769 /* Build configuration list for PBXNativeTarget "J-Tuner" */ = {
			isa = XCConfigurationList;
			buildConfigurations = (
				5DD5283F218A80D400DC9769 /* Debug */,
				5DD52840218A80D400DC9769 /* Release */,
			);
			defaultConfigurationIsVisible = 0;
			defaultConfigurationName = Release;
		};
		5DD52841218A80D400DC9769 /* Build configuration list for PBXNativeTarget "J-TunerTests" */ = {
			isa = XCConfigurationList;
			buildConfigurations = (
				5DD52842218A80D400DC9769 /* Debug */,
				5DD52843218A80D400DC9769 /* Release */,
			);
			defaultConfigurationIsVisible = 0;
			defaultConfigurationName = Release;
		};
		5DD52844218A80D400DC9769 /* Build configuration list for PBXNativeTarget "J-TunerUITests" */ = {
			isa = XCConfigurationList;
			buildConfigurations = (
				5DD52845218A80D400DC9769 /* Debug */,
				5DD52846218A80D400DC9769 /* Release */,
			);
			defaultConfigurationIsVisible = 0;
			defaultConfigurationName = Release;
		};
/* End XCConfigurationList section */
	};
	rootObject = 5DD5280E218A80D100DC9769 /* Project object */;
}
